
Microsoft Visual Studio Solution File, Format Version 12.00
# Visual Studio Version 16
VisualStudioVersion = 16.0.30225.117
MinimumVisualStudioVersion = 10.0.40219.1
Project("{8BC9CEB8-8B4A-11D0-8D11-00A0C91BC942}") = "Ch02-Ex01", "Ch02-Ex01\Ch02-Ex01\Ch02-Ex01.vcxproj", "{3E844A41-4627-4E2A-8AF5-E1474900F12E}"
EndProject
Project("{8BC9CEB8-8B4A-11D0-8D11-00A0C91BC942}") = "Ch02-Ex02", "Ch02-Ex02\Ch02-Ex02\Ch02-Ex02.vcxproj", "{F7E008B7-9A62-4D87-BAA4-2073E8AF679A}"
EndProject
Project("{8BC9CEB8-8B4A-11D0-8D11-00A0C91BC942}") = "Ch02-Exercise1", "Ch02-Exercise1\Ch02-Exercise1\Ch02-Exercise1.vcxproj", "{7CB88390-A9C7-4004-857C-7F3B4EA928D2}"
EndProject
Project("{8BC9CEB8-8B4A-11D0-8D11-00A0C91BC942}") = "Ch02-Exercise2", "Ch02-Exercise2\Ch02-Exercise2\Ch02-Exercise2.vcxproj", "{9702ADD8-E2F0-4E67-99EE-78A188E0F6E8}"
EndProject
Project("{8BC9CEB8-8B4A-11D0-8D11-00A0C91BC942}") = "Ch02-Exercise4", "Ch02-Exercise4\Ch02-Exercise4\Ch02-Exercise4.vcxproj", "{9FAED342-4465-4C3C-B9C1-A2622C9B74E7}"
EndProject
Project("{8BC9CEB8-8B4A-11D0-8D11-00A0C91BC942}") = "Ch04-Ex01", "Ch04-Ex01\Ch04-Ex01\Ch04-Ex01.vcxproj", "{FEDE3ED4-A157-4818-86A6-B77742AA5A68}"
EndProject
Project("{8BC9CEB8-8B4A-11D0-8D11-00A0C91BC942}") = "Ch04-Ex06", "Ch04-Ex06\Ch04-Ex06\Ch04-Ex06.vcxproj", "{4330B060-E179-4AC3-8853-89933200D3E2}"
EndProject
Project("{8BC9CEB8-8B4A-11D0-8D11-00A0C91BC942}") = "Ch04-Ex11", "Ch04-Ex11\Ch04-Ex11\Ch04-Ex11.vcxproj", "{783975C1-DCBD-4DD7-A8D5-308DA14D7921}"
EndProject
Project("{8BC9CEB8-8B4A-11D0-8D11-00A0C91BC942}") = "Ch04-Exercise1", "Ch04-Exercise1\Ch04-Exercise1\Ch04-Exercise1.vcxproj", "{96390E64-A0DB-4355-82B2-C95FFC509562}"
EndProject
Project("{8BC9CEB8-8B4A-11D0-8D11-00A0C91BC942}") = "Ch06-Ex01", "Ch06-Ex01\Ch06-Ex01\Ch06-Ex01.vcxproj", "{B4204A72-E6BE-4450-9F2F-6EE9718D994B}"
EndProject
Project("{8BC9CEB8-8B4A-11D0-8D11-00A0C91BC942}") = "Ch06-Ex02", "Ch06-Ex02\Ch06-Ex02\Ch06-Ex02.vcxproj", "{81A2BEB2-AC6A-4F95-AC9E-7D69973FCE1A}"
EndProject
Project("{8BC9CEB8-8B4A-11D0-8D11-00A0C91BC942}") = "Ch06-Ex04", "Ch06-Ex04\Ch06-Ex04\Ch06-Ex04.vcxproj", "{36010440-538A-4BE2-813D-5558B99DAC7A}"
EndProject
Project("{8BC9CEB8-8B4A-11D0-8D11-00A0C91BC942}") = "Ch06-Ex06", "Ch06-Ex06\Ch06-Ex06\Ch06-Ex06.vcxproj", "{7F7ABC24-6CA9-4ADB-9A71-DDC45FF1D776}"
EndProject
Project("{8BC9CEB8-8B4A-11D0-8D11-00A0C91BC942}") = "Ch06-Ex10", "Ch06-Ex10\Ch06-Ex10\Ch06-Ex10.vcxproj", "{D41E8DAC-0970-4529-9650-5AE3D10ACB20}"
EndProject
Project("{8BC9CEB8-8B4A-11D0-8D11-00A0C91BC942}") = "Ch-06-Exercise1", "Ch-06-Exercise1\Ch-06-Exercise1\Ch-06-Exercise1.vcxproj", "{CB1D082D-3CFA-4411-88AE-408B97A50983}"
EndProject
Project("{8BC9CEB8-8B4A-11D0-8D11-00A0C91BC942}") = "Ch08-Ex01", "Ch08-Ex01\Ch08-Ex01\Ch08-Ex01.vcxproj", "{E1E2A1A2-8057-411C-AE88-7A0C11FEED3E}"
EndProject
Project("{8BC9CEB8-8B4A-11D0-8D11-00A0C91BC942}") = "Ch08-Ex10", "Ch08-Ex10\Ch08-Ex10\Ch08-Ex10.vcxproj", "{96B2818F-4189-4467-AFEE-B35C02C16F5D}"
EndProject
Project("{8BC9CEB8-8B4A-11D0-8D11-00A0C91BC942}") = "Ch08-Ex13", "Ch08-Ex13\Ch08-Ex13\Ch08-Ex13.vcxproj", "{6CE84B7D-4068-4F44-863F-26726A576FF3}"
EndProject
Project("{8BC9CEB8-8B4A-11D0-8D11-00A0C91BC942}") = "Ch09-Ex01", "Ch09-Ex01\Ch09-Ex01\Ch09-Ex01.vcxproj", "{A7C59425-1BE8-41E0-BA21-F3245C855E5D}"
EndProject
Project("{8BC9CEB8-8B4A-11D0-8D11-00A0C91BC942}") = "Ch10-Ex01", "Ch10-Ex01\Ch10-Ex01\Ch10-Ex01.vcxproj", "{5F72A463-069E-46BA-B6E5-AAF8D8A0E3C0}"
EndProject
Project("{8BC9CEB8-8B4A-11D0-8D11-00A0C91BC942}") = "Ch11-Ex02", "Ch11-Ex02\Ch11-Ex02\Ch11-Ex02.vcxproj", "{E8B18D13-B452-4748-A988-A7C64AFCD5B2}"
EndProject
Project("{8BC9CEB8-8B4A-11D0-8D11-00A0C91BC942}") = "Sketcher", "Sketcher\Sketcher\Sketcher.vcxproj", "{6F64B0D3-7023-4E2D-A976-E6DA775B77D8}"
EndProject
Global
	GlobalSection(SolutionConfigurationPlatforms) = preSolution
		Debug|x64 = Debug|x64
		Debug|x86 = Debug|x86
		Release|x64 = Release|x64
		Release|x86 = Release|x86
	EndGlobalSection
	GlobalSection(ProjectConfigurationPlatforms) = postSolution
		{3E844A41-4627-4E2A-8AF5-E1474900F12E}.Debug|x64.ActiveCfg = Debug|x64
		{3E844A41-4627-4E2A-8AF5-E1474900F12E}.Debug|x64.Build.0 = Debug|x64
		{3E844A41-4627-4E2A-8AF5-E1474900F12E}.Debug|x86.ActiveCfg = Debug|Win32
		{3E844A41-4627-4E2A-8AF5-E1474900F12E}.Debug|x86.Build.0 = Debug|Win32
		{3E844A41-4627-4E2A-8AF5-E1474900F12E}.Release|x64.ActiveCfg = Release|x64
		{3E844A41-4627-4E2A-8AF5-E1474900F12E}.Release|x64.Build.0 = Release|x64
		{3E844A41-4627-4E2A-8AF5-E1474900F12E}.Release|x86.ActiveCfg = Release|Win32
		{3E844A41-4627-4E2A-8AF5-E1474900F12E}.Release|x86.Build.0 = Release|Win32
		{F7E008B7-9A62-4D87-BAA4-2073E8AF679A}.Debug|x64.ActiveCfg = Debug|x64
		{F7E008B7-9A62-4D87-BAA4-2073E8AF679A}.Debug|x64.Build.0 = Debug|x64
		{F7E008B7-9A62-4D87-BAA4-2073E8AF679A}.Debug|x86.ActiveCfg = Debug|Win32
		{F7E008B7-9A62-4D87-BAA4-2073E8AF679A}.Debug|x86.Build.0 = Debug|Win32
		{F7E008B7-9A62-4D87-BAA4-2073E8AF679A}.Release|x64.ActiveCfg = Release|x64
		{F7E008B7-9A62-4D87-BAA4-2073E8AF679A}.Release|x64.Build.0 = Release|x64
		{F7E008B7-9A62-4D87-BAA4-2073E8AF679A}.Release|x86.ActiveCfg = Release|Win32
		{F7E008B7-9A62-4D87-BAA4-2073E8AF679A}.Release|x86.Build.0 = Release|Win32
		{7CB88390-A9C7-4004-857C-7F3B4EA928D2}.Debug|x64.ActiveCfg = Debug|x64
		{7CB88390-A9C7-4004-857C-7F3B4EA928D2}.Debug|x64.Build.0 = Debug|x64
		{7CB88390-A9C7-4004-857C-7F3B4EA928D2}.Debug|x86.ActiveCfg = Debug|Win32
		{7CB88390-A9C7-4004-857C-7F3B4EA928D2}.Debug|x86.Build.0 = Debug|Win32
		{7CB88390-A9C7-4004-857C-7F3B4EA928D2}.Release|x64.ActiveCfg = Release|x64
		{7CB88390-A9C7-4004-857C-7F3B4EA928D2}.Release|x64.Build.0 = Release|x64
		{7CB88390-A9C7-4004-857C-7F3B4EA928D2}.Release|x86.ActiveCfg = Release|Win32
		{7CB88390-A9C7-4004-857C-7F3B4EA928D2}.Release|x86.Build.0 = Release|Win32
		{9702ADD8-E2F0-4E67-99EE-78A188E0F6E8}.Debug|x64.ActiveCfg = Debug|x64
		{9702ADD8-E2F0-4E67-99EE-78A188E0F6E8}.Debug|x64.Build.0 = Debug|x64
		{9702ADD8-E2F0-4E67-99EE-78A188E0F6E8}.Debug|x86.ActiveCfg = Debug|Win32
		{9702ADD8-E2F0-4E67-99EE-78A188E0F6E8}.Debug|x86.Build.0 = Debug|Win32
		{9702ADD8-E2F0-4E67-99EE-78A188E0F6E8}.Release|x64.ActiveCfg = Release|x64
		{9702ADD8-E2F0-4E67-99EE-78A188E0F6E8}.Release|x64.Build.0 = Release|x64
		{9702ADD8-E2F0-4E67-99EE-78A188E0F6E8}.Release|x86.ActiveCfg = Release|Win32
		{9702ADD8-E2F0-4E67-99EE-78A188E0F6E8}.Release|x86.Build.0 = Release|Win32
		{9FAED342-4465-4C3C-B9C1-A2622C9B74E7}.Debug|x64.ActiveCfg = Debug|x64
		{9FAED342-4465-4C3C-B9C1-A2622C9B74E7}.Debug|x64.Build.0 = Debug|x64
		{9FAED342-4465-4C3C-B9C1-A2622C9B74E7}.Debug|x86.ActiveCfg = Debug|Win32
		{9FAED342-4465-4C3C-B9C1-A2622C9B74E7}.Debug|x86.Build.0 = Debug|Win32
		{9FAED342-4465-4C3C-B9C1-A2622C9B74E7}.Release|x64.ActiveCfg = Release|x64
		{9FAED342-4465-4C3C-B9C1-A2622C9B74E7}.Release|x64.Build.0 = Release|x64
		{9FAED342-4465-4C3C-B9C1-A2622C9B74E7}.Release|x86.ActiveCfg = Release|Win32
		{9FAED342-4465-4C3C-B9C1-A2622C9B74E7}.Release|x86.Build.0 = Release|Win32
		{FEDE3ED4-A157-4818-86A6-B77742AA5A68}.Debug|x64.ActiveCfg = Debug|x64
		{FEDE3ED4-A157-4818-86A6-B77742AA5A68}.Debug|x64.Build.0 = Debug|x64
		{FEDE3ED4-A157-4818-86A6-B77742AA5A68}.Debug|x86.ActiveCfg = Debug|Win32
		{FEDE3ED4-A157-4818-86A6-B77742AA5A68}.Debug|x86.Build.0 = Debug|Win32
		{FEDE3ED4-A157-4818-86A6-B77742AA5A68}.Release|x64.ActiveCfg = Release|x64
		{FEDE3ED4-A157-4818-86A6-B77742AA5A68}.Release|x64.Build.0 = Release|x64
		{FEDE3ED4-A157-4818-86A6-B77742AA5A68}.Release|x86.ActiveCfg = Release|Win32
		{FEDE3ED4-A157-4818-86A6-B77742AA5A68}.Release|x86.Build.0 = Release|Win32
		{4330B060-E179-4AC3-8853-89933200D3E2}.Debug|x64.ActiveCfg = Debug|x64
		{4330B060-E179-4AC3-8853-89933200D3E2}.Debug|x64.Build.0 = Debug|x64
		{4330B060-E179-4AC3-8853-89933200D3E2}.Debug|x86.ActiveCfg = Debug|Win32
		{4330B060-E179-4AC3-8853-89933200D3E2}.Debug|x86.Build.0 = Debug|Win32
		{4330B060-E179-4AC3-8853-89933200D3E2}.Release|x64.ActiveCfg = Release|x64
		{4330B060-E179-4AC3-8853-89933200D3E2}.Release|x64.Build.0 = Release|x64
		{4330B060-E179-4AC3-8853-89933200D3E2}.Release|x86.ActiveCfg = Release|Win32
		{4330B060-E179-4AC3-8853-89933200D3E2}.Release|x86.Build.0 = Release|Win32
		{783975C1-DCBD-4DD7-A8D5-308DA14D7921}.Debug|x64.ActiveCfg = Debug|x64
		{783975C1-DCBD-4DD7-A8D5-308DA14D7921}.Debug|x64.Build.0 = Debug|x64
		{783975C1-DCBD-4DD7-A8D5-308DA14D7921}.Debug|x86.ActiveCfg = Debug|Win32
		{783975C1-DCBD-4DD7-A8D5-308DA14D7921}.Debug|x86.Build.0 = Debug|Win32
		{783975C1-DCBD-4DD7-A8D5-308DA14D7921}.Release|x64.ActiveCfg = Release|x64
		{783975C1-DCBD-4DD7-A8D5-308DA14D7921}.Release|x64.Build.0 = Release|x64
		{783975C1-DCBD-4DD7-A8D5-308DA14D7921}.Release|x86.ActiveCfg = Release|Win32
		{783975C1-DCBD-4DD7-A8D5-308DA14D7921}.Release|x86.Build.0 = Release|Win32
		{96390E64-A0DB-4355-82B2-C95FFC509562}.Debug|x64.ActiveCfg = Debug|x64
		{96390E64-A0DB-4355-82B2-C95FFC509562}.Debug|x64.Build.0 = Debug|x64
		{96390E64-A0DB-4355-82B2-C95FFC509562}.Debug|x86.ActiveCfg = Debug|Win32
		{96390E64-A0DB-4355-82B2-C95FFC509562}.Debug|x86.Build.0 = Debug|Win32
		{96390E64-A0DB-4355-82B2-C95FFC509562}.Release|x64.ActiveCfg = Release|x64
		{96390E64-A0DB-4355-82B2-C95FFC509562}.Release|x64.Build.0 = Release|x64
		{96390E64-A0DB-4355-82B2-C95FFC509562}.Release|x86.ActiveCfg = Release|Win32
		{96390E64-A0DB-4355-82B2-C95FFC509562}.Release|x86.Build.0 = Release|Win32
		{B4204A72-E6BE-4450-9F2F-6EE9718D994B}.Debug|x64.ActiveCfg = Debug|x64
		{B4204A72-E6BE-4450-9F2F-6EE9718D994B}.Debug|x64.Build.0 = Debug|x64
		{B4204A72-E6BE-4450-9F2F-6EE9718D994B}.Debug|x86.ActiveCfg = Debug|Win32
		{B4204A72-E6BE-4450-9F2F-6EE9718D994B}.Debug|x86.Build.0 = Debug|Win32
		{B4204A72-E6BE-4450-9F2F-6EE9718D994B}.Release|x64.ActiveCfg = Release|x64
		{B4204A72-E6BE-4450-9F2F-6EE9718D994B}.Release|x64.Build.0 = Release|x64
		{B4204A72-E6BE-4450-9F2F-6EE9718D994B}.Release|x86.ActiveCfg = Release|Win32
		{B4204A72-E6BE-4450-9F2F-6EE9718D994B}.Release|x86.Build.0 = Release|Win32
		{81A2BEB2-AC6A-4F95-AC9E-7D69973FCE1A}.Debug|x64.ActiveCfg = Debug|x64
		{81A2BEB2-AC6A-4F95-AC9E-7D69973FCE1A}.Debug|x64.Build.0 = Debug|x64
		{81A2BEB2-AC6A-4F95-AC9E-7D69973FCE1A}.Debug|x86.ActiveCfg = Debug|Win32
		{81A2BEB2-AC6A-4F95-AC9E-7D69973FCE1A}.Debug|x86.Build.0 = Debug|Win32
		{81A2BEB2-AC6A-4F95-AC9E-7D69973FCE1A}.Release|x64.ActiveCfg = Release|x64
		{81A2BEB2-AC6A-4F95-AC9E-7D69973FCE1A}.Release|x64.Build.0 = Release|x64
		{81A2BEB2-AC6A-4F95-AC9E-7D69973FCE1A}.Release|x86.ActiveCfg = Release|Win32
		{81A2BEB2-AC6A-4F95-AC9E-7D69973FCE1A}.Release|x86.Build.0 = Release|Win32
		{36010440-538A-4BE2-813D-5558B99DAC7A}.Debug|x64.ActiveCfg = Debug|x64
		{36010440-538A-4BE2-813D-5558B99DAC7A}.Debug|x64.Build.0 = Debug|x64
		{36010440-538A-4BE2-813D-5558B99DAC7A}.Debug|x86.ActiveCfg = Debug|Win32
		{36010440-538A-4BE2-813D-5558B99DAC7A}.Debug|x86.Build.0 = Debug|Win32
		{36010440-538A-4BE2-813D-5558B99DAC7A}.Release|x64.ActiveCfg = Release|x64
		{36010440-538A-4BE2-813D-5558B99DAC7A}.Release|x64.Build.0 = Release|x64
		{36010440-538A-4BE2-813D-5558B99DAC7A}.Release|x86.ActiveCfg = Release|Win32
		{36010440-538A-4BE2-813D-5558B99DAC7A}.Release|x86.Build.0 = Release|Win32
		{7F7ABC24-6CA9-4ADB-9A71-DDC45FF1D776}.Debug|x64.ActiveCfg = Debug|x64
		{7F7ABC24-6CA9-4ADB-9A71-DDC45FF1D776}.Debug|x64.Build.0 = Debug|x64
		{7F7ABC24-6CA9-4ADB-9A71-DDC45FF1D776}.Debug|x86.ActiveCfg = Debug|Win32
		{7F7ABC24-6CA9-4ADB-9A71-DDC45FF1D776}.Debug|x86.Build.0 = Debug|Win32
		{7F7ABC24-6CA9-4ADB-9A71-DDC45FF1D776}.Release|x64.ActiveCfg = Release|x64
		{7F7ABC24-6CA9-4ADB-9A71-DDC45FF1D776}.Release|x64.Build.0 = Release|x64
		{7F7ABC24-6CA9-4ADB-9A71-DDC45FF1D776}.Release|x86.ActiveCfg = Release|Win32
		{7F7ABC24-6CA9-4ADB-9A71-DDC45FF1D776}.Release|x86.Build.0 = Release|Win32
		{D41E8DAC-0970-4529-9650-5AE3D10ACB20}.Debug|x64.ActiveCfg = Debug|x64
		{D41E8DAC-0970-4529-9650-5AE3D10ACB20}.Debug|x64.Build.0 = Debug|x64
		{D41E8DAC-0970-4529-9650-5AE3D10ACB20}.Debug|x86.ActiveCfg = Debug|Win32
		{D41E8DAC-0970-4529-9650-5AE3D10ACB20}.Debug|x86.Build.0 = Debug|Win32
		{D41E8DAC-0970-4529-9650-5AE3D10ACB20}.Release|x64.ActiveCfg = Release|x64
		{D41E8DAC-0970-4529-9650-5AE3D10ACB20}.Release|x64.Build.0 = Release|x64
		{D41E8DAC-0970-4529-9650-5AE3D10ACB20}.Release|x86.ActiveCfg = Release|Win32
		{D41E8DAC-0970-4529-9650-5AE3D10ACB20}.Release|x86.Build.0 = Release|Win32
		{CB1D082D-3CFA-4411-88AE-408B97A50983}.Debug|x64.ActiveCfg = Debug|x64
		{CB1D082D-3CFA-4411-88AE-408B97A50983}.Debug|x64.Build.0 = Debug|x64
		{CB1D082D-3CFA-4411-88AE-408B97A50983}.Debug|x86.ActiveCfg = Debug|Win32
		{CB1D082D-3CFA-4411-88AE-408B97A50983}.Debug|x86.Build.0 = Debug|Win32
		{CB1D082D-3CFA-4411-88AE-408B97A50983}.Release|x64.ActiveCfg = Release|x64
		{CB1D082D-3CFA-4411-88AE-408B97A50983}.Release|x64.Build.0 = Release|x64
		{CB1D082D-3CFA-4411-88AE-408B97A50983}.Release|x86.ActiveCfg = Release|Win32
		{CB1D082D-3CFA-4411-88AE-408B97A50983}.Release|x86.Build.0 = Release|Win32
		{E1E2A1A2-8057-411C-AE88-7A0C11FEED3E}.Debug|x64.ActiveCfg = Debug|x64
		{E1E2A1A2-8057-411C-AE88-7A0C11FEED3E}.Debug|x64.Build.0 = Debug|x64
		{E1E2A1A2-8057-411C-AE88-7A0C11FEED3E}.Debug|x86.ActiveCfg = Debug|Win32
		{E1E2A1A2-8057-411C-AE88-7A0C11FEED3E}.Debug|x86.Build.0 = Debug|Win32
		{E1E2A1A2-8057-411C-AE88-7A0C11FEED3E}.Release|x64.ActiveCfg = Release|x64
		{E1E2A1A2-8057-411C-AE88-7A0C11FEED3E}.Release|x64.Build.0 = Release|x64
		{E1E2A1A2-8057-411C-AE88-7A0C11FEED3E}.Release|x86.ActiveCfg = Release|Win32
		{E1E2A1A2-8057-411C-AE88-7A0C11FEED3E}.Release|x86.Build.0 = Release|Win32
		{96B2818F-4189-4467-AFEE-B35C02C16F5D}.Debug|x64.ActiveCfg = Debug|x64
		{96B2818F-4189-4467-AFEE-B35C02C16F5D}.Debug|x64.Build.0 = Debug|x64
		{96B2818F-4189-4467-AFEE-B35C02C16F5D}.Debug|x86.ActiveCfg = Debug|Win32
		{96B2818F-4189-4467-AFEE-B35C02C16F5D}.Debug|x86.Build.0 = Debug|Win32
		{96B2818F-4189-4467-AFEE-B35C02C16F5D}.Release|x64.ActiveCfg = Release|x64
		{96B2818F-4189-4467-AFEE-B35C02C16F5D}.Release|x64.Build.0 = Release|x64
		{96B2818F-4189-4467-AFEE-B35C02C16F5D}.Release|x86.ActiveCfg = Release|Win32
		{96B2818F-4189-4467-AFEE-B35C02C16F5D}.Release|x86.Build.0 = Release|Win32
		{6CE84B7D-4068-4F44-863F-26726A576FF3}.Debug|x64.ActiveCfg = Debug|x64
		{6CE84B7D-4068-4F44-863F-26726A576FF3}.Debug|x64.Build.0 = Debug|x64
		{6CE84B7D-4068-4F44-863F-26726A576FF3}.Debug|x86.ActiveCfg = Debug|Win32
		{6CE84B7D-4068-4F44-863F-26726A576FF3}.Debug|x86.Build.0 = Debug|Win32
		{6CE84B7D-4068-4F44-863F-26726A576FF3}.Release|x64.ActiveCfg = Release|x64
		{6CE84B7D-4068-4F44-863F-26726A576FF3}.Release|x64.Build.0 = Release|x64
		{6CE84B7D-4068-4F44-863F-26726A576FF3}.Release|x86.ActiveCfg = Release|Win32
		{6CE84B7D-4068-4F44-863F-26726A576FF3}.Release|x86.Build.0 = Release|Win32
		{A7C59425-1BE8-41E0-BA21-F3245C855E5D}.Debug|x64.ActiveCfg = Debug|x64
		{A7C59425-1BE8-41E0-BA21-F3245C855E5D}.Debug|x64.Build.0 = Debug|x64
		{A7C59425-1BE8-41E0-BA21-F3245C855E5D}.Debug|x86.ActiveCfg = Debug|Win32
		{A7C59425-1BE8-41E0-BA21-F3245C855E5D}.Debug|x86.Build.0 = Debug|Win32
		{A7C59425-1BE8-41E0-BA21-F3245C855E5D}.Release|x64.ActiveCfg = Release|x64
		{A7C59425-1BE8-41E0-BA21-F3245C855E5D}.Release|x64.Build.0 = Release|x64
		{A7C59425-1BE8-41E0-BA21-F3245C855E5D}.Release|x86.ActiveCfg = Release|Win32
		{A7C59425-1BE8-41E0-BA21-F3245C855E5D}.Release|x86.Build.0 = Release|Win32
		{5F72A463-069E-46BA-B6E5-AAF8D8A0E3C0}.Debug|x64.ActiveCfg = Debug|x64
		{5F72A463-069E-46BA-B6E5-AAF8D8A0E3C0}.Debug|x64.Build.0 = Debug|x64
		{5F72A463-069E-46BA-B6E5-AAF8D8A0E3C0}.Debug|x86.ActiveCfg = Debug|Win32
		{5F72A463-069E-46BA-B6E5-AAF8D8A0E3C0}.Debug|x86.Build.0 = Debug|Win32
		{5F72A463-069E-46BA-B6E5-AAF8D8A0E3C0}.Release|x64.ActiveCfg = Release|x64
		{5F72A463-069E-46BA-B6E5-AAF8D8A0E3C0}.Release|x64.Build.0 = Release|x64
		{5F72A463-069E-46BA-B6E5-AAF8D8A0E3C0}.Release|x86.ActiveCfg = Release|Win32
		{5F72A463-069E-46BA-B6E5-AAF8D8A0E3C0}.Release|x86.Build.0 = Release|Win32
		{E8B18D13-B452-4748-A988-A7C64AFCD5B2}.Debug|x64.ActiveCfg = Debug|x64
		{E8B18D13-B452-4748-A988-A7C64AFCD5B2}.Debug|x64.Build.0 = Debug|x64
		{E8B18D13-B452-4748-A988-A7C64AFCD5B2}.Debug|x86.ActiveCfg = Debug|Win32
		{E8B18D13-B452-4748-A988-A7C64AFCD5B2}.Debug|x86.Build.0 = Debug|Win32
		{E8B18D13-B452-4748-A988-A7C64AFCD5B2}.Release|x64.ActiveCfg = Release|x64
		{E8B18D13-B452-4748-A988-A7C64AFCD5B2}.Release|x64.Build.0 = Release|x64
		{E8B18D13-B452-4748-A988-A7C64AFCD5B2}.Release|x86.ActiveCfg = Release|Win32
		{E8B18D13-B452-4748-A988-A7C64AFCD5B2}.Release|x86.Build.0 = Release|Win32
		{6F64B0D3-7023-4E2D-A976-E6DA775B77D8}.Debug|x64.ActiveCfg = Debug|x64
		{6F64B0D3-7023-4E2D-A976-E6DA775B77D8}.Debug|x64.Build.0 = Debug|x64
		{6F64B0D3-7023-4E2D-A976-E6DA775B77D8}.Debug|x86.ActiveCfg = Debug|Win32
		{6F64B0D3-7023-4E2D-A976-E6DA775B77D8}.Debug|x86.Build.0 = Debug|Win32
		{6F64B0D3-7023-4E2D-A976-E6DA775B77D8}.Release|x64.ActiveCfg = Release|x64
		{6F64B0D3-7023-4E2D-A976-E6DA775B77D8}.Release|x64.Build.0 = Release|x64
		{6F64B0D3-7023-4E2D-A976-E6DA775B77D8}.Release|x86.ActiveCfg = Release|Win32
		{6F64B0D3-7023-4E2D-A976-E6DA775B77D8}.Release|x86.Build.0 = Release|Win32
	EndGlobalSection
	GlobalSection(SolutionProperties) = preSolution
		HideSolutionNode = FALSE
	EndGlobalSection
	GlobalSection(ExtensibilityGlobals) = postSolution
		SolutionGuid = {96030535-2E39-4F6C-B7BE-7876B9FAC812}
	EndGlobalSection
EndGlobal
